
Microsoft Visual Studio Solution File, Format Version 12.00
Project("{FAE04EC0-301F-11D3-BF4B-00C04F79EFBC}") = "PaintWebApp", "PaintWebApp\PaintWebApp.csproj", "{4D504A5A-4FD3-419E-85F3-16E5CA3B4ABC}"
EndProject
Global
	GlobalSection(SolutionConfigurationPlatforms) = preSolution
		Debug|Any CPU = Debug|Any CPU
		Release|Any CPU = Release|Any CPU
	EndGlobalSection
	GlobalSection(ProjectConfigurationPlatforms) = postSolution
		{4D504A5A-4FD3-419E-85F3-16E5CA3B4ABC}.Debug|Any CPU.ActiveCfg = Debug|Any CPU
		{4D504A5A-4FD3-419E-85F3-16E5CA3B4ABC}.Debug|Any CPU.Build.0 = Debug|Any CPU
		{4D504A5A-4FD3-419E-85F3-16E5CA3B4ABC}.Release|Any CPU.ActiveCfg = Release|Any CPU
		{4D504A5A-4FD3-419E-85F3-16E5CA3B4ABC}.Release|Any CPU.Build.0 = Release|Any CPU
	EndGlobalSection
EndGlobal
